
Microsoft Visual Studio Solution File, Format Version 12.00
# Visual Studio Version 16
VisualStudioVersion = 16.0.30320.27
MinimumVisualStudioVersion = 10.0.40219.1
Project("{FAE04EC0-301F-11D3-BF4B-00C04F79EFBC}") = "BSGridFollow-up", "BSGridFollow-up.csproj", "{402A10D4-CA42-41F7-99BE-6892724813C9}"
EndProject
Global
	GlobalSection(SolutionConfigurationPlatforms) = preSolution
		Debug|Any CPU = Debug|Any CPU
		Release|Any CPU = Release|Any CPU
	EndGlobalSection
	GlobalSection(ProjectConfigurationPlatforms) = postSolution
		{402A10D4-CA42-41F7-99BE-6892724813C9}.Debug|Any CPU.ActiveCfg = Debug|Any CPU
		{402A10D4-CA42-41F7-99BE-6892724813C9}.Debug|Any CPU.Build.0 = Debug|Any CPU
		{402A10D4-CA42-41F7-99BE-6892724813C9}.Release|Any CPU.ActiveCfg = Release|Any CPU
		{402A10D4-CA42-41F7-99BE-6892724813C9}.Release|Any CPU.Build.0 = Release|Any CPU
	EndGlobalSection
	GlobalSection(SolutionProperties) = preSolution
		HideSolutionNode = FALSE
	EndGlobalSection
	GlobalSection(ExtensibilityGlobals) = postSolution
		SolutionGuid = {04EBE0DE-6CAB-4F72-AEFF-3D9957CA1591}
	EndGlobalSection
EndGlobal
